
Microsoft Visual Studio Solution File, Format Version 11.00
# Visual Studio 2010
Project("{FAE04EC0-301F-11D3-BF4B-00C04F79EFBC}") = "Atkins.Intranet.Portal", "Atkins.Intranet\Atkins.Intranet.Portal.csproj", "{5E0D8D65-3429-4BE2-B098-5F45DECC1218}"
EndProject
Project("{FAE04EC0-301F-11D3-BF4B-00C04F79EFBC}") = "Atkins.Intranet.HR", "Atkins.Intranet.HR\Atkins.Intranet.HR.csproj", "{0300BA5A-58E3-4AFC-B83F-1A0CB3FBC7C6}"
EndProject
Project("{FAE04EC0-301F-11D3-BF4B-00C04F79EFBC}") = "Atkins.Intranet.Utilities", "Atkins.Intranet.Utilities\Atkins.Intranet.Utilities.csproj", "{A1D3ECBC-CBDF-409D-B00C-C25D0F69105A}"
EndProject
Project("{2150E333-8FDC-42A3-9474-1A3956D46DE8}") = "AutomationScripts", "AutomationScripts", "{EB832CBB-5AC1-44C7-8B02-E533AC67E03A}"
	ProjectSection(SolutionItems) = preProject
		DeployScripts\AtkinsDeploy.ps1 = DeployScripts\AtkinsDeploy.ps1
		AtkinsFullDeploy.ps1 = AtkinsFullDeploy.ps1
		DeployScripts\CleanFarm.ps1 = DeployScripts\CleanFarm.ps1
		DeployScripts\Deploy.ps1 = DeployScripts\Deploy.ps1
		InstallFeature.ps1 = InstallFeature.ps1
	EndProjectSection
EndProject
Project("{FAE04EC0-301F-11D3-BF4B-00C04F79EFBC}") = "Atkins.Intranet.SampleData", "Atkins.Intranet.SampleData\Atkins.Intranet.SampleData.csproj", "{50640BA0-DC7A-4F20-AF39-4B108175D8DB}"
EndProject
Project("{FAE04EC0-301F-11D3-BF4B-00C04F79EFBC}") = "Atkins.Intranet.QSE", "Atkins.Intranet.QSE\Atkins.Intranet.QSE.csproj", "{A10CEA83-E4A7-4809-9A86-E83FB960C2DF}"
EndProject
Global
	GlobalSection(SolutionConfigurationPlatforms) = preSolution
		Debug|Any CPU = Debug|Any CPU
		Release|Any CPU = Release|Any CPU
	EndGlobalSection
	GlobalSection(ProjectConfigurationPlatforms) = postSolution
		{5E0D8D65-3429-4BE2-B098-5F45DECC1218}.Debug|Any CPU.ActiveCfg = Debug|Any CPU
		{5E0D8D65-3429-4BE2-B098-5F45DECC1218}.Debug|Any CPU.Build.0 = Debug|Any CPU
		{5E0D8D65-3429-4BE2-B098-5F45DECC1218}.Debug|Any CPU.Deploy.0 = Debug|Any CPU
		{5E0D8D65-3429-4BE2-B098-5F45DECC1218}.Release|Any CPU.ActiveCfg = Release|Any CPU
		{5E0D8D65-3429-4BE2-B098-5F45DECC1218}.Release|Any CPU.Build.0 = Release|Any CPU
		{5E0D8D65-3429-4BE2-B098-5F45DECC1218}.Release|Any CPU.Deploy.0 = Release|Any CPU
		{0300BA5A-58E3-4AFC-B83F-1A0CB3FBC7C6}.Debug|Any CPU.ActiveCfg = Debug|Any CPU
		{0300BA5A-58E3-4AFC-B83F-1A0CB3FBC7C6}.Debug|Any CPU.Build.0 = Debug|Any CPU
		{0300BA5A-58E3-4AFC-B83F-1A0CB3FBC7C6}.Debug|Any CPU.Deploy.0 = Debug|Any CPU
		{0300BA5A-58E3-4AFC-B83F-1A0CB3FBC7C6}.Release|Any CPU.ActiveCfg = Release|Any CPU
		{0300BA5A-58E3-4AFC-B83F-1A0CB3FBC7C6}.Release|Any CPU.Build.0 = Release|Any CPU
		{0300BA5A-58E3-4AFC-B83F-1A0CB3FBC7C6}.Release|Any CPU.Deploy.0 = Release|Any CPU
		{A1D3ECBC-CBDF-409D-B00C-C25D0F69105A}.Debug|Any CPU.ActiveCfg = Debug|Any CPU
		{A1D3ECBC-CBDF-409D-B00C-C25D0F69105A}.Debug|Any CPU.Build.0 = Debug|Any CPU
		{A1D3ECBC-CBDF-409D-B00C-C25D0F69105A}.Debug|Any CPU.Deploy.0 = Debug|Any CPU
		{A1D3ECBC-CBDF-409D-B00C-C25D0F69105A}.Release|Any CPU.ActiveCfg = Release|Any CPU
		{A1D3ECBC-CBDF-409D-B00C-C25D0F69105A}.Release|Any CPU.Build.0 = Release|Any CPU
		{A1D3ECBC-CBDF-409D-B00C-C25D0F69105A}.Release|Any CPU.Deploy.0 = Release|Any CPU
		{50640BA0-DC7A-4F20-AF39-4B108175D8DB}.Debug|Any CPU.ActiveCfg = Debug|Any CPU
		{50640BA0-DC7A-4F20-AF39-4B108175D8DB}.Debug|Any CPU.Build.0 = Debug|Any CPU
		{50640BA0-DC7A-4F20-AF39-4B108175D8DB}.Debug|Any CPU.Deploy.0 = Debug|Any CPU
		{50640BA0-DC7A-4F20-AF39-4B108175D8DB}.Release|Any CPU.ActiveCfg = Release|Any CPU
		{50640BA0-DC7A-4F20-AF39-4B108175D8DB}.Release|Any CPU.Build.0 = Release|Any CPU
		{50640BA0-DC7A-4F20-AF39-4B108175D8DB}.Release|Any CPU.Deploy.0 = Release|Any CPU
		{A10CEA83-E4A7-4809-9A86-E83FB960C2DF}.Debug|Any CPU.ActiveCfg = Debug|Any CPU
		{A10CEA83-E4A7-4809-9A86-E83FB960C2DF}.Debug|Any CPU.Build.0 = Debug|Any CPU
		{A10CEA83-E4A7-4809-9A86-E83FB960C2DF}.Debug|Any CPU.Deploy.0 = Debug|Any CPU
		{A10CEA83-E4A7-4809-9A86-E83FB960C2DF}.Release|Any CPU.ActiveCfg = Release|Any CPU
		{A10CEA83-E4A7-4809-9A86-E83FB960C2DF}.Release|Any CPU.Build.0 = Release|Any CPU
		{A10CEA83-E4A7-4809-9A86-E83FB960C2DF}.Release|Any CPU.Deploy.0 = Release|Any CPU
	EndGlobalSection
	GlobalSection(SolutionProperties) = preSolution
		HideSolutionNode = FALSE
	EndGlobalSection
EndGlobal
